
Microsoft Visual Studio Solution File, Format Version 12.00
# Visual Studio Version 17
VisualStudioVersion = 17.6.33829.357
MinimumVisualStudioVersion = 10.0.40219.1
Project("{8BC9CEB8-8B4A-11D0-8D11-00A0C91BC942}") = "ListPro", "ListPro\ListPro.vcxproj", "{0B733688-FFDD-475D-9BF8-283B77C7BA1D}"
EndProject
Project("{8BC9CEB8-8B4A-11D0-8D11-00A0C91BC942}") = "StackAndQune", "StackAndQune\StackAndQune.vcxproj", "{EC578A0C-1869-467E-838F-481E081A8F49}"
EndProject
Project("{8BC9CEB8-8B4A-11D0-8D11-00A0C91BC942}") = "StringDef", "StringDef\StringDef.vcxproj", "{5E3BF687-DD12-47D5-ACA2-7A415794B1C8}"
EndProject
Project("{8BC9CEB8-8B4A-11D0-8D11-00A0C91BC942}") = "Tree", "Tree\Tree.vcxproj", "{369324F1-4AD3-4BAE-9856-4D8F1BCAE02F}"
EndProject
Project("{8BC9CEB8-8B4A-11D0-8D11-00A0C91BC942}") = "test", "test\test.vcxproj", "{03A41C98-C071-4CDD-9D7E-8A1C823DBF56}"
EndProject
Global
	GlobalSection(SolutionConfigurationPlatforms) = preSolution
		Debug|x64 = Debug|x64
		Debug|x86 = Debug|x86
		Release|x64 = Release|x64
		Release|x86 = Release|x86
	EndGlobalSection
	GlobalSection(ProjectConfigurationPlatforms) = postSolution
		{0B733688-FFDD-475D-9BF8-283B77C7BA1D}.Debug|x64.ActiveCfg = Debug|x64
		{0B733688-FFDD-475D-9BF8-283B77C7BA1D}.Debug|x64.Build.0 = Debug|x64
		{0B733688-FFDD-475D-9BF8-283B77C7BA1D}.Debug|x86.ActiveCfg = Debug|Win32
		{0B733688-FFDD-475D-9BF8-283B77C7BA1D}.Debug|x86.Build.0 = Debug|Win32
		{0B733688-FFDD-475D-9BF8-283B77C7BA1D}.Release|x64.ActiveCfg = Release|x64
		{0B733688-FFDD-475D-9BF8-283B77C7BA1D}.Release|x64.Build.0 = Release|x64
		{0B733688-FFDD-475D-9BF8-283B77C7BA1D}.Release|x86.ActiveCfg = Release|Win32
		{0B733688-FFDD-475D-9BF8-283B77C7BA1D}.Release|x86.Build.0 = Release|Win32
		{EC578A0C-1869-467E-838F-481E081A8F49}.Debug|x64.ActiveCfg = Debug|x64
		{EC578A0C-1869-467E-838F-481E081A8F49}.Debug|x64.Build.0 = Debug|x64
		{EC578A0C-1869-467E-838F-481E081A8F49}.Debug|x86.ActiveCfg = Debug|Win32
		{EC578A0C-1869-467E-838F-481E081A8F49}.Debug|x86.Build.0 = Debug|Win32
		{EC578A0C-1869-467E-838F-481E081A8F49}.Release|x64.ActiveCfg = Release|x64
		{EC578A0C-1869-467E-838F-481E081A8F49}.Release|x64.Build.0 = Release|x64
		{EC578A0C-1869-467E-838F-481E081A8F49}.Release|x86.ActiveCfg = Release|Win32
		{EC578A0C-1869-467E-838F-481E081A8F49}.Release|x86.Build.0 = Release|Win32
		{5E3BF687-DD12-47D5-ACA2-7A415794B1C8}.Debug|x64.ActiveCfg = Debug|x64
		{5E3BF687-DD12-47D5-ACA2-7A415794B1C8}.Debug|x64.Build.0 = Debug|x64
		{5E3BF687-DD12-47D5-ACA2-7A415794B1C8}.Debug|x86.ActiveCfg = Debug|Win32
		{5E3BF687-DD12-47D5-ACA2-7A415794B1C8}.Debug|x86.Build.0 = Debug|Win32
		{5E3BF687-DD12-47D5-ACA2-7A415794B1C8}.Release|x64.ActiveCfg = Release|x64
		{5E3BF687-DD12-47D5-ACA2-7A415794B1C8}.Release|x64.Build.0 = Release|x64
		{5E3BF687-DD12-47D5-ACA2-7A415794B1C8}.Release|x86.ActiveCfg = Release|Win32
		{5E3BF687-DD12-47D5-ACA2-7A415794B1C8}.Release|x86.Build.0 = Release|Win32
		{369324F1-4AD3-4BAE-9856-4D8F1BCAE02F}.Debug|x64.ActiveCfg = Debug|x64
		{369324F1-4AD3-4BAE-9856-4D8F1BCAE02F}.Debug|x64.Build.0 = Debug|x64
		{369324F1-4AD3-4BAE-9856-4D8F1BCAE02F}.Debug|x86.ActiveCfg = Debug|Win32
		{369324F1-4AD3-4BAE-9856-4D8F1BCAE02F}.Debug|x86.Build.0 = Debug|Win32
		{369324F1-4AD3-4BAE-9856-4D8F1BCAE02F}.Release|x64.ActiveCfg = Release|x64
		{369324F1-4AD3-4BAE-9856-4D8F1BCAE02F}.Release|x64.Build.0 = Release|x64
		{369324F1-4AD3-4BAE-9856-4D8F1BCAE02F}.Release|x86.ActiveCfg = Release|Win32
		{369324F1-4AD3-4BAE-9856-4D8F1BCAE02F}.Release|x86.Build.0 = Release|Win32
		{03A41C98-C071-4CDD-9D7E-8A1C823DBF56}.Debug|x64.ActiveCfg = Debug|x64
		{03A41C98-C071-4CDD-9D7E-8A1C823DBF56}.Debug|x64.Build.0 = Debug|x64
		{03A41C98-C071-4CDD-9D7E-8A1C823DBF56}.Debug|x86.ActiveCfg = Debug|Win32
		{03A41C98-C071-4CDD-9D7E-8A1C823DBF56}.Debug|x86.Build.0 = Debug|Win32
		{03A41C98-C071-4CDD-9D7E-8A1C823DBF56}.Release|x64.ActiveCfg = Release|x64
		{03A41C98-C071-4CDD-9D7E-8A1C823DBF56}.Release|x64.Build.0 = Release|x64
		{03A41C98-C071-4CDD-9D7E-8A1C823DBF56}.Release|x86.ActiveCfg = Release|Win32
		{03A41C98-C071-4CDD-9D7E-8A1C823DBF56}.Release|x86.Build.0 = Release|Win32
	EndGlobalSection
	GlobalSection(SolutionProperties) = preSolution
		HideSolutionNode = FALSE
	EndGlobalSection
	GlobalSection(ExtensibilityGlobals) = postSolution
		SolutionGuid = {359AFED8-03C3-4E6E-A088-004E742153CA}
	EndGlobalSection
EndGlobal
